github.com/VictorLowther/godmi v0.0.0-20190628140640-b196e787bc0d h1:+A46kwE23ECv0FSfnzvH/UHsLu33KdNNTp3rvV2kPaQ=
github.com/VictorLowther/godmi v0.0.0-20190628140640-b196e787bc0d/go.mod h1:JiYtLLi0v25VZLHRInc/p4CtOCFXUPKb9Q7vNQ6rqyk=
github.com/VictorLowther/godmi v0.0.0-20190710210256-4bf8946d7264/go.mod h1:JiYtLLi0v25VZLHRInc/p4CtOCFXUPKb9Q7vNQ6rqyk=
github.com/VictorLowther/godmi v0.0.0-20190711162900-e8a481b39569/go.mod h1:JiYtLLi0v25VZLHRInc/p4CtOCFXUPKb9Q7vNQ6rqyk=
